
Microsoft Visual Studio Solution File, Format Version 12.00
# Visual Studio 14
VisualStudioVersion = 14.0.25420.1
MinimumVisualStudioVersion = 10.0.40219.1
Project("{D954291E-2A0B-460D-934E-DC6B0785DB48}") = "Weighted", "Weighted\Weighted.shproj", "{8B152D1F-7057-424C-A524-B3D9E1435A35}"
EndProject
Global
	GlobalSection(SharedMSBuildProjectFiles) = preSolution
		Weighted\Weighted.projitems*{8b152d1f-7057-424c-a524-b3d9e1435a35}*SharedItemsImports = 13
	EndGlobalSection
	GlobalSection(SolutionProperties) = preSolution
		HideSolutionNode = FALSE
	EndGlobalSection
EndGlobal
